
Microsoft Visual Studio Solution File, Format Version 12.00
# Visual Studio Version 17
VisualStudioVersion = 17.8.34408.163
MinimumVisualStudioVersion = 10.0.40219.1
Project("{FAE04EC0-301F-11D3-BF4B-00C04F79EFBC}") = "GCLab9 (movie database)", "GCLab9 (movie database)\GCLab9 (movie database).csproj", "{8224F5D2-B674-4840-BFCE-D36B2AAC55C2}"
EndProject
Global
	GlobalSection(SolutionConfigurationPlatforms) = preSolution
		Debug|Any CPU = Debug|Any CPU
		Release|Any CPU = Release|Any CPU
	EndGlobalSection
	GlobalSection(ProjectConfigurationPlatforms) = postSolution
		{8224F5D2-B674-4840-BFCE-D36B2AAC55C2}.Debug|Any CPU.ActiveCfg = Debug|Any CPU
		{8224F5D2-B674-4840-BFCE-D36B2AAC55C2}.Debug|Any CPU.Build.0 = Debug|Any CPU
		{8224F5D2-B674-4840-BFCE-D36B2AAC55C2}.Release|Any CPU.ActiveCfg = Release|Any CPU
		{8224F5D2-B674-4840-BFCE-D36B2AAC55C2}.Release|Any CPU.Build.0 = Release|Any CPU
	EndGlobalSection
	GlobalSection(SolutionProperties) = preSolution
		HideSolutionNode = FALSE
	EndGlobalSection
	GlobalSection(ExtensibilityGlobals) = postSolution
		SolutionGuid = {DEF8942D-0CF4-4493-A046-5644F6BC0F94}
	EndGlobalSection
EndGlobal
